
Microsoft Visual Studio Solution File, Format Version 12.00
# Visual Studio 15
VisualStudioVersion = 15.0.26730.16
MinimumVisualStudioVersion = 10.0.40219.1
Project("{9A19103F-16F7-4668-BE54-9A1E7A4F7556}") = "InvestorDashboard", "InvestorDashboard\InvestorDashboard.csproj", "{CCDA7926-5F79-41A3-8AB7-ADC0FA299A0E}"
EndProject
Global
	GlobalSection(SolutionConfigurationPlatforms) = preSolution
		Debug|Any CPU = Debug|Any CPU
		Release|Any CPU = Release|Any CPU
	EndGlobalSection
	GlobalSection(ProjectConfigurationPlatforms) = postSolution
		{CCDA7926-5F79-41A3-8AB7-ADC0FA299A0E}.Debug|Any CPU.ActiveCfg = Debug|Any CPU
		{CCDA7926-5F79-41A3-8AB7-ADC0FA299A0E}.Debug|Any CPU.Build.0 = Debug|Any CPU
		{CCDA7926-5F79-41A3-8AB7-ADC0FA299A0E}.Release|Any CPU.ActiveCfg = Release|Any CPU
		{CCDA7926-5F79-41A3-8AB7-ADC0FA299A0E}.Release|Any CPU.Build.0 = Release|Any CPU
	EndGlobalSection
	GlobalSection(SolutionProperties) = preSolution
		HideSolutionNode = FALSE
	EndGlobalSection
	GlobalSection(ExtensibilityGlobals) = postSolution
		SolutionGuid = {D16EF5C3-BFC5-42DD-8DDC-C91E8EB984E7}
	EndGlobalSection
EndGlobal
